PODS:
  - Cosmos (23.0.0)
  - Kingfisher (6.1.0)
  - Realm (10.5.1):
    - Realm/Headers (= 10.5.1)
  - Realm/Headers (10.5.1)
  - RealmSwift (10.5.1):
    - Realm (= 10.5.1)
  - youtube-ios-player-helper (1.0.2)

DEPENDENCIES:
  - Cosmos (~> 23.0)
  - Kingfisher (~> 6.0)
  - RealmSwift
  - youtube-ios-player-helper

SPEC REPOS:
  trunk:
    - Cosmos
    - Kingfisher
    - Realm
    - RealmSwift
    - youtube-ios-player-helper

SPEC CHECKSUMS:
  Cosmos: b5c6a9a637e28a061b54c8f8b1d8529d7d4db73f
  Kingfisher: f5d8d60a0ef3edd642fd781bae60918599901aff
  Realm: 77fcb4e0b9f2963ea06f584749a0d7dc9cab95e1
  RealmSwift: 6abe6aa6cd8b70cc1a87afcb9232cabea74ff1ac
  youtube-ios-player-helper: 40b96e52c22445f0fdc43731cefa32c67075ff81

PODFILE CHECKSUM: 894aca1d791bd5482dbb568fb924d722bca65f0b

COCOAPODS: 1.10.0
